// !$*UTF8*$!
{
	archiveVersion = 1;
	classes = {
	};
	objectVersion = 48;
	objects = {

/* Begin PBXBuildFile section */
		A61F1EB220078217003BB85B /* AppDelegate.swift in Sources */ = {isa = PBXBuildFile; fileRef = A61F1EB120078217003BB85B /* AppDelegate.swift */; };
		A61F1EB420078217003BB85B /* LogInViewController.swift in Sources */ = {isa = PBXBuildFile; fileRef = A61F1EB320078217003BB85B /* LogInViewController.swift */; };
		A61F1EB720078217003BB85B /* Main.storyboard in Resources */ = {isa = PBXBuildFile; fileRef = A61F1EB520078217003BB85B /* Main.storyboard */; };
		A61F1EB920078217003BB85B /* Assets.xcassets in Resources */ = {isa = PBXBuildFile; fileRef = A61F1EB820078217003BB85B /* Assets.xcassets */; };
		A61F1EBC20078217003BB85B /* LaunchScreen.storyboard in Resources */ = {isa = PBXBuildFile; fileRef = A61F1EBA20078217003BB85B /* LaunchScreen.storyboard */; };
		A61F1EC420079BD4003BB85B /* HomeViewController.swift in Sources */ = {isa = PBXBuildFile; fileRef = A61F1EC320079BD4003BB85B /* HomeViewController.swift */; };
		A61F1EC620079CDA003BB85B /* SearchViewController.swift in Sources */ = {isa = PBXBuildFile; fileRef = A61F1EC520079CDA003BB85B /* SearchViewController.swift */; };
		A61F1EC820079D8F003BB85B /* SavedRecipesTableViewController.swift in Sources */ = {isa = PBXBuildFile; fileRef = A61F1EC720079D8F003BB85B /* SavedRecipesTableViewController.swift */; };
		A61F1ECA20079DC8003BB85B /* GroceryListTableViewController.swift in Sources */ = {isa = PBXBuildFile; fileRef = A61F1EC920079DC8003BB85B /* GroceryListTableViewController.swift */; };
		A61F1ECC20079F64003BB85B /* ResultsTableViewController.swift in Sources */ = {isa = PBXBuildFile; fileRef = A61F1ECB20079F64003BB85B /* ResultsTableViewController.swift */; };
		A61F1ECE20079F88003BB85B /* DetailViewController.swift in Sources */ = {isa = PBXBuildFile; fileRef = A61F1ECD20079F88003BB85B /* DetailViewController.swift */; };
		A636BE0420163A1600392C2D /* SavedRecipes.swift in Sources */ = {isa = PBXBuildFile; fileRef = A636BE0320163A1600392C2D /* SavedRecipes.swift */; };
		A6687491200BAC6900365010 /* RecipeData.swift in Sources */ = {isa = PBXBuildFile; fileRef = A6687490200BAC6900365010 /* RecipeData.swift */; };
		A6687496200CE86C00365010 /* GoogleService-Info.plist in Resources */ = {isa = PBXBuildFile; fileRef = A6687495200CE86B00365010 /* GoogleService-Info.plist */; };
		A6687498200E111B00365010 /* IngredientList.swift in Sources */ = {isa = PBXBuildFile; fileRef = A6687497200E111B00365010 /* IngredientList.swift */; };
		A668749A200E24E200365010 /* RecipeDetails.swift in Sources */ = {isa = PBXBuildFile; fileRef = A6687499200E24E200365010 /* RecipeDetails.swift */; };
		A668749E200E5C7D00365010 /* ApiController.swift in Sources */ = {isa = PBXBuildFile; fileRef = A668749D200E5C7D00365010 /* ApiController.swift */; };
		F29DA09B54758B0CEEA3D9D1 /* Pods_SaveFoodFindRecipes.framework in Frameworks */ = {isa = PBXBuildFile; fileRef = 56A35475439A9FE77F313664 /* Pods_SaveFoodFindRecipes.framework */; };
/* End PBXBuildFile section */

/* Begin PBXFileReference section */
		56A35475439A9FE77F313664 /* Pods_SaveFoodFindRecipes.framework */ = {isa = PBXFileReference; explicitFileType = wrapper.framework; includeInIndex = 0; path = Pods_SaveFoodFindRecipes.framework; sourceTree = BUILT_PRODUCTS_DIR; };
		671D06AD0301083F9848E205 /* Pods-SaveFoodFindRecipes.debug.xcconfig */ = {isa = PBXFileReference; includeInIndex = 1; lastKnownFileType = text.xcconfig; name = "Pods-SaveFoodFindRecipes.debug.xcconfig"; path = "Pods/Target Support Files/Pods-SaveFoodFindRecipes/Pods-SaveFoodFindRecipes.debug.xcconfig"; sourceTree = "<group>"; };
		9C8970B96E74A6DD11A6C520 /* Pods-SaveFoodFindRecipes.release.xcconfig */ = {isa = PBXFileReference; includeInIndex = 1; lastKnownFileType = text.xcconfig; name = "Pods-SaveFoodFindRecipes.release.xcconfig"; path = "Pods/Target Support Files/Pods-SaveFoodFindRecipes/Pods-SaveFoodFindRecipes.release.xcconfig"; sourceTree = "<group>"; };
		A61F1EAE20078217003BB85B /* SaveFoodFindRecipes.app */ = {isa = PBXFileReference; explicitFileType = wrapper.application; includeInIndex = 0; path = SaveFoodFindRecipes.app; sourceTree = BUILT_PRODUCTS_DIR; };
		A61F1EB120078217003BB85B /* AppDelegate.swift */ = {isa = PBXFileReference; lastKnownFileType = sourcecode.swift; path = AppDelegate.swift; sourceTree = "<group>"; };
		A61F1EB320078217003BB85B /* LogInViewController.swift */ = {isa = PBXFileReference; lastKnownFileType = sourcecode.swift; path = LogInViewController.swift; sourceTree = "<group>"; };
		A61F1EB620078217003BB85B /* Base */ = {isa = PBXFileReference; lastKnownFileType = file.storyboard; name = Base; path = Base.lproj/Main.storyboard; sourceTree = "<group>"; };
		A61F1EB820078217003BB85B /* Assets.xcassets */ = {isa = PBXFileReference; lastKnownFileType = folder.assetcatalog; path = Assets.xcassets; sourceTree = "<group>"; };
		A61F1EBB20078217003BB85B /* Base */ = {isa = PBXFileReference; lastKnownFileType = file.storyboard; name = Base; path = Base.lproj/LaunchScreen.storyboard; sourceTree = "<group>"; };
		A61F1EBD20078217003BB85B /* Info.plist */ = {isa = PBXFileReference; lastKnownFileType = text.plist.xml; path = Info.plist; sourceTree = "<group>"; };
		A61F1EC320079BD4003BB85B /* HomeViewController.swift */ = {isa = PBXFileReference; lastKnownFileType = sourcecode.swift; path = HomeViewController.swift; sourceTree = "<group>"; };
		A61F1EC520079CDA003BB85B /* SearchViewController.swift */ = {isa = PBXFileReference; lastKnownFileType = sourcecode.swift; path = SearchViewController.swift; sourceTree = "<group>"; };
		A61F1EC720079D8F003BB85B /* SavedRecipesTableViewController.swift */ = {isa = PBXFileReference; lastKnownFileType = sourcecode.swift; path = SavedRecipesTableViewController.swift; sourceTree = "<group>"; };
		A61F1EC920079DC8003BB85B /* GroceryListTableViewController.swift */ = {isa = PBXFileReference; lastKnownFileType = sourcecode.swift; path = GroceryListTableViewController.swift; sourceTree = "<group>"; };
		A61F1ECB20079F64003BB85B /* ResultsTableViewController.swift */ = {isa = PBXFileReference; lastKnownFileType = sourcecode.swift; path = ResultsTableViewController.swift; sourceTree = "<group>"; };
		A61F1ECD20079F88003BB85B /* DetailViewController.swift */ = {isa = PBXFileReference; lastKnownFileType = sourcecode.swift; path = DetailViewController.swift; sourceTree = "<group>"; };
		A636BE0320163A1600392C2D /* SavedRecipes.swift */ = {isa = PBXFileReference; lastKnownFileType = sourcecode.swift; path = SavedRecipes.swift; sourceTree = "<group>"; };
		A6687490200BAC6900365010 /* RecipeData.swift */ = {isa = PBXFileReference; lastKnownFileType = sourcecode.swift; path = RecipeData.swift; sourceTree = "<group>"; };
		A6687492200CD90200365010 /* SaveFoodFindRecipes.entitlements */ = {isa = PBXFileReference; lastKnownFileType = text.plist.entitlements; path = SaveFoodFindRecipes.entitlements; sourceTree = "<group>"; };
		A6687495200CE86B00365010 /* GoogleService-Info.plist */ = {isa = PBXFileReference; fileEncoding = 4; lastKnownFileType = text.plist.xml; path = "GoogleService-Info.plist"; sourceTree = "<group>"; };
		A6687497200E111B00365010 /* IngredientList.swift */ = {isa = PBXFileReference; lastKnownFileType = sourcecode.swift; path = IngredientList.swift; sourceTree = "<group>"; };
		A6687499200E24E200365010 /* RecipeDetails.swift */ = {isa = PBXFileReference; lastKnownFileType = sourcecode.swift; path = RecipeDetails.swift; sourceTree = "<group>"; };
		A668749D200E5C7D00365010 /* ApiController.swift */ = {isa = PBXFileReference; lastKnownFileType = sourcecode.swift; path = ApiController.swift; sourceTree = "<group>"; };
/* End PBXFileReference section */

/* Begin PBXFrameworksBuildPhase section */
		A61F1EAB20078217003BB85B /* Frameworks */ = {
			isa = PBXFrameworksBuildPhase;
			buildActionMask = 2147483647;
			files = (
				F29DA09B54758B0CEEA3D9D1 /* Pods_SaveFoodFindRecipes.framework in Frameworks */,
			);
			runOnlyForDeploymentPostprocessing = 0;
		};
/* End PBXFrameworksBuildPhase section */

/* Begin PBXGroup section */
		1EFFE8012A605B220DD2C5F0 /* Frameworks */ = {
			isa = PBXGroup;
			children = (
				56A35475439A9FE77F313664 /* Pods_SaveFoodFindRecipes.framework */,
			);
			name = Frameworks;
			sourceTree = "<group>";
		};
		8C360DC58E10316492749949 /* Pods */ = {
			isa = PBXGroup;
			children = (
				671D06AD0301083F9848E205 /* Pods-SaveFoodFindRecipes.debug.xcconfig */,
				9C8970B96E74A6DD11A6C520 /* Pods-SaveFoodFindRecipes.release.xcconfig */,
			);
			name = Pods;
			sourceTree = "<group>";
		};
		A61F1EA520078217003BB85B = {
			isa = PBXGroup;
			children = (
				A61F1EB020078217003BB85B /* SaveFoodFindRecipes */,
				A61F1EAF20078217003BB85B /* Products */,
				8C360DC58E10316492749949 /* Pods */,
				1EFFE8012A605B220DD2C5F0 /* Frameworks */,
			);
			sourceTree = "<group>";
		};
		A61F1EAF20078217003BB85B /* Products */ = {
			isa = PBXGroup;
			children = (
				A61F1EAE20078217003BB85B /* SaveFoodFindRecipes.app */,
			);
			name = Products;
			sourceTree = "<group>";
		};
		A61F1EB020078217003BB85B /* SaveFoodFindRecipes */ = {
			isa = PBXGroup;
			children = (
				A6A85186201894B100FC3A70 /* Models */,
				A6A851842018948500FC3A70 /* Controllers */,
				A668749D200E5C7D00365010 /* ApiController.swift */,
				A6687492200CD90200365010 /* SaveFoodFindRecipes.entitlements */,
				A6687495200CE86B00365010 /* GoogleService-Info.plist */,
				A61F1EB120078217003BB85B /* AppDelegate.swift */,
				A61F1EB520078217003BB85B /* Main.storyboard */,
				A61F1EB820078217003BB85B /* Assets.xcassets */,
				A61F1EBA20078217003BB85B /* LaunchScreen.storyboard */,
				A61F1EBD20078217003BB85B /* Info.plist */,
			);
			path = SaveFoodFindRecipes;
			sourceTree = "<group>";
		};
		A6A851842018948500FC3A70 /* Controllers */ = {
			isa = PBXGroup;
			children = (
				A61F1EB320078217003BB85B /* LogInViewController.swift */,
				A61F1ECD20079F88003BB85B /* DetailViewController.swift */,
				A61F1ECB20079F64003BB85B /* ResultsTableViewController.swift */,
				A61F1EC920079DC8003BB85B /* GroceryListTableViewController.swift */,
				A61F1EC720079D8F003BB85B /* SavedRecipesTableViewController.swift */,
				A61F1EC520079CDA003BB85B /* SearchViewController.swift */,
				A61F1EC320079BD4003BB85B /* HomeViewController.swift */,
			);
			path = Controllers;
			sourceTree = "<group>";
		};
		A6A85186201894B100FC3A70 /* Models */ = {
			isa = PBXGroup;
			children = (
				A6687497200E111B00365010 /* IngredientList.swift */,
				A6687490200BAC6900365010 /* RecipeData.swift */,
				A6687499200E24E200365010 /* RecipeDetails.swift */,
				A636BE0320163A1600392C2D /* SavedRecipes.swift */,
			);
			path = Models;
			sourceTree = "<group>";
		};
/* End PBXGroup section */

/* Begin PBXNativeTarget section */
		A61F1EAD20078217003BB85B /* SaveFoodFindRecipes */ = {
			isa = PBXNativeTarget;
			buildConfigurationList = A61F1EC020078217003BB85B /* Build configuration list for PBXNativeTarget "SaveFoodFindRecipes" */;
			buildPhases = (
				FF6679B65F99B61123A59F9A /* [CP] Check Pods Manifest.lock */,
				A61F1EAA20078217003BB85B /* Sources */,
				A61F1EAB20078217003BB85B /* Frameworks */,
				A61F1EAC20078217003BB85B /* Resources */,
				AD419A0D0EA1E83AC99E380B /* [CP] Embed Pods Frameworks */,
				564E68DB836C77013B2AAEAE /* [CP] Copy Pods Resources */,
			);
			buildRules = (
			);
			dependencies = (
			);
			name = SaveFoodFindRecipes;
			productName = SaveFoodFindRecipes;
			productReference = A61F1EAE20078217003BB85B /* SaveFoodFindRecipes.app */;
			productType = "com.apple.product-type.application";
		};
/* End PBXNativeTarget section */

/* Begin PBXProject section */
		A61F1EA620078217003BB85B /* Project object */ = {
			isa = PBXProject;
			attributes = {
				LastSwiftUpdateCheck = 0920;
				LastUpgradeCheck = 0920;
				ORGANIZATIONNAME = "Iris Schlundt Bodien";
				TargetAttributes = {
					A61F1EAD20078217003BB85B = {
						CreatedOnToolsVersion = 9.2;
						ProvisioningStyle = Automatic;
						SystemCapabilities = {
							com.apple.Keychain = {
								enabled = 1;
							};
						};
					};
				};
			};
			buildConfigurationList = A61F1EA920078217003BB85B /* Build configuration list for PBXProject "SaveFoodFindRecipes" */;
			compatibilityVersion = "Xcode 8.0";
			developmentRegion = en;
			hasScannedForEncodings = 0;
			knownRegions = (
				en,
				Base,
			);
			mainGroup = A61F1EA520078217003BB85B;
			productRefGroup = A61F1EAF20078217003BB85B /* Products */;
			projectDirPath = "";
			projectRoot = "";
			targets = (
				A61F1EAD20078217003BB85B /* SaveFoodFindRecipes */,
			);
		};
/* End PBXProject section */

/* Begin PBXResourcesBuildPhase section */
		A61F1EAC20078217003BB85B /* Resources */ = {
			isa = PBXResourcesBuildPhase;
			buildActionMask = 2147483647;
			files = (
				A61F1EBC20078217003BB85B /* LaunchScreen.storyboard in Resources */,
				A6687496200CE86C00365010 /* GoogleService-Info.plist in Resources */,
				A61F1EB920078217003BB85B /* Assets.xcassets in Resources */,
				A61F1EB720078217003BB85B /* Main.storyboard in Resources */,
			);
			runOnlyForDeploymentPostprocessing = 0;
		};
/* End PBXResourcesBuildPhase section */

/* Begin PBXShellScriptBuildPhase section */
		564E68DB836C77013B2AAEAE /* [CP] Copy Pods Resources */ = {
			isa = PBXShellScriptBuildPhase;
			buildActionMask = 8;
			files = (
			);
			inputPaths = (
			);
			name = "[CP] Copy Pods Resources";
			outputPaths = (
			);
			runOnlyForDeploymentPostprocessing = 1;
			shellPath = /bin/sh;
			shellScript = "\"${SRCROOT}/Pods/Target Support Files/Pods-SaveFoodFindRecipes/Pods-SaveFoodFindRecipes-resources.sh\"\n";
			showEnvVarsInLog = 0;
		};
		AD419A0D0EA1E83AC99E380B /* [CP] Embed Pods Frameworks */ = {
			isa = PBXShellScriptBuildPhase;
			buildActionMask = 8;
			files = (
			);
			inputPaths = (
			);
			name = "[CP] Embed Pods Frameworks";
			outputPaths = (
			);
			runOnlyForDeploymentPostprocessing = 1;
			shellPath = /bin/sh;
			shellScript = "\"${SRCROOT}/Pods/Target Support Files/Pods-SaveFoodFindRecipes/Pods-SaveFoodFindRecipes-frameworks.sh\"\n";
			showEnvVarsInLog = 0;
		};
		FF6679B65F99B61123A59F9A /* [CP] Check Pods Manifest.lock */ = {
			isa = PBXShellScriptBuildPhase;
			buildActionMask = 8;
			files = (
			);
			inputPaths = (
			);
			name = "[CP] Check Pods Manifest.lock";
			outputPaths = (
			);
			runOnlyForDeploymentPostprocessing = 1;
			shellPath = /bin/sh;
			shellScript = "diff \"${PODS_ROOT}/../Podfile.lock\" \"${PODS_ROOT}/Manifest.lock\" > /dev/null\nif [ $? != 0 ] ; then\n    # print error to STDERR\n    echo \"error: The sandbox is not in sync with the Podfile.lock. Run 'pod install' or update your CocoaPods installation.\" >&2\n    exit 1\nfi\n";
			showEnvVarsInLog = 0;
		};
/* End PBXShellScriptBuildPhase section */

/* Begin PBXSourcesBuildPhase section */
		A61F1EAA20078217003BB85B /* Sources */ = {
			isa = PBXSourcesBuildPhase;
			buildActionMask = 2147483647;
			files = (
				A61F1EB420078217003BB85B /* LogInViewController.swift in Sources */,
				A61F1ECC20079F64003BB85B /* ResultsTableViewController.swift in Sources */,
				A61F1ECA20079DC8003BB85B /* GroceryListTableViewController.swift in Sources */,
				A61F1EB220078217003BB85B /* AppDelegate.swift in Sources */,
				A61F1EC620079CDA003BB85B /* SearchViewController.swift in Sources */,
				A668749A200E24E200365010 /* RecipeDetails.swift in Sources */,
				A61F1EC820079D8F003BB85B /* SavedRecipesTableViewController.swift in Sources */,
				A6687498200E111B00365010 /* IngredientList.swift in Sources */,
				A636BE0420163A1600392C2D /* SavedRecipes.swift in Sources */,
				A668749E200E5C7D00365010 /* ApiController.swift in Sources */,
				A6687491200BAC6900365010 /* RecipeData.swift in Sources */,
				A61F1EC420079BD4003BB85B /* HomeViewController.swift in Sources */,
				A61F1ECE20079F88003BB85B /* DetailViewController.swift in Sources */,
			);
			runOnlyForDeploymentPostprocessing = 0;
		};
/* End PBXSourcesBuildPhase section */

/* Begin PBXVariantGroup section */
		A61F1EB520078217003BB85B /* Main.storyboard */ = {
			isa = PBXVariantGroup;
			children = (
				A61F1EB620078217003BB85B /* Base */,
			);
			name = Main.storyboard;
			sourceTree = "<group>";
		};
		A61F1EBA20078217003BB85B /* LaunchScreen.storyboard */ = {
			isa = PBXVariantGroup;
			children = (
				A61F1EBB20078217003BB85B /* Base */,
			);
			name = LaunchScreen.storyboard;
			sourceTree = "<group>";
		};
/* End PBXVariantGroup section */

/* Begin XCBuildConfiguration section */
		A61F1EBE20078217003BB85B /* Debug */ = {
			isa = XCBuildConfiguration;
			buildSettings = {
				ALWAYS_SEARCH_USER_PATHS = NO;
				CLANG_ANALYZER_NONNULL = YES;
				CLANG_ANALYZER_NUMBER_OBJECT_CONVERSION = YES_AGGRESSIVE;
				CLANG_CXX_LANGUAGE_STANDARD = "gnu++14";
				CLANG_CXX_LIBRARY = "libc++";
				CLANG_ENABLE_MODULES = YES;
				CLANG_ENABLE_OBJC_ARC = YES;
				CLANG_WARN_BLOCK_CAPTURE_AUTORELEASING = YES;
				CLANG_WARN_BOOL_CONVERSION = YES;
				CLANG_WARN_COMMA = YES;
				CLANG_WARN_CONSTANT_CONVERSION = YES;
				CLANG_WARN_DIRECT_OBJC_ISA_USAGE = YES_ERROR;
				CLANG_WARN_DOCUMENTATION_COMMENTS = YES;
				CLANG_WARN_EMPTY_BODY = YES;
				CLANG_WARN_ENUM_CONVERSION = YES;
				CLANG_WARN_INFINITE_RECURSION = YES;
				CLANG_WARN_INT_CONVERSION = YES;
				CLANG_WARN_NON_LITERAL_NULL_CONVERSION = YES;
				CLANG_WARN_OBJC_LITERAL_CONVERSION = YES;
				CLANG_WARN_OBJC_ROOT_CLASS = YES_ERROR;
				CLANG_WARN_RANGE_LOOP_ANALYSIS = YES;
				CLANG_WARN_STRICT_PROTOTYPES = YES;
				CLANG_WARN_SUSPICIOUS_MOVE = YES;
				CLANG_WARN_UNGUARDED_AVAILABILITY = YES_AGGRESSIVE;
				CLANG_WARN_UNREACHABLE_CODE = YES;
				CLANG_WARN__DUPLICATE_METHOD_MATCH = YES;
				CODE_SIGN_IDENTITY = "iPhone Developer";
				COPY_PHASE_STRIP = NO;
				DEBUG_INFORMATION_FORMAT = dwarf;
				ENABLE_STRICT_OBJC_MSGSEND = YES;
				ENABLE_TESTABILITY = YES;
				GCC_C_LANGUAGE_STANDARD = gnu11;
				GCC_DYNAMIC_NO_PIC = NO;
				GCC_NO_COMMON_BLOCKS = YES;
				GCC_OPTIMIZATION_LEVEL = 0;
				GCC_PREPROCESSOR_DEFINITIONS = (
					"DEBUG=1",
					"$(inherited)",
				);
				GCC_WARN_64_TO_32_BIT_CONVERSION = YES;
				GCC_WARN_ABOUT_RETURN_TYPE = YES_ERROR;
				GCC_WARN_UNDECLARED_SELECTOR = YES;
				GCC_WARN_UNINITIALIZED_AUTOS = YES_AGGRESSIVE;
				GCC_WARN_UNUSED_FUNCTION = YES;
				GCC_WARN_UNUSED_VARIABLE = YES;
				IPHONEOS_DEPLOYMENT_TARGET = 11.2;
				MTL_ENABLE_DEBUG_INFO = YES;
				ONLY_ACTIVE_ARCH = YES;
				SDKROOT = iphoneos;
				SWIFT_ACTIVE_COMPILATION_CONDITIONS = DEBUG;
				SWIFT_OPTIMIZATION_LEVEL = "-Onone";
			};
			name = Debug;
		};
		A61F1EBF20078217003BB85B /* Release */ = {
			isa = XCBuildConfiguration;
			buildSettings = {
				ALWAYS_SEARCH_USER_PATHS = NO;
				CLANG_ANALYZER_NONNULL = YES;
				CLANG_ANALYZER_NUMBER_OBJECT_CONVERSION = YES_AGGRESSIVE;
				CLANG_CXX_LANGUAGE_STANDARD = "gnu++14";
				CLANG_CXX_LIBRARY = "libc++";
				CLANG_ENABLE_MODULES = YES;
				CLANG_ENABLE_OBJC_ARC = YES;
				CLANG_WARN_BLOCK_CAPTURE_AUTORELEASING = YES;
				CLANG_WARN_BOOL_CONVERSION = YES;
				CLANG_WARN_COMMA = YES;
				CLANG_WARN_CONSTANT_CONVERSION = YES;
				CLANG_WARN_DIRECT_OBJC_ISA_USAGE = YES_ERROR;
				CLANG_WARN_DOCUMENTATION_COMMENTS = YES;
				CLANG_WARN_EMPTY_BODY = YES;
				CLANG_WARN_ENUM_CONVERSION = YES;
				CLANG_WARN_INFINITE_RECURSION = YES;
				CLANG_WARN_INT_CONVERSION = YES;
				CLANG_WARN_NON_LITERAL_NULL_CONVERSION = YES;
				CLANG_WARN_OBJC_LITERAL_CONVERSION = YES;
				CLANG_WARN_OBJC_ROOT_CLASS = YES_ERROR;
				CLANG_WARN_RANGE_LOOP_ANALYSIS = YES;
				CLANG_WARN_STRICT_PROTOTYPES = YES;
				CLANG_WARN_SUSPICIOUS_MOVE = YES;
				CLANG_WARN_UNGUARDED_AVAILABILITY = YES_AGGRESSIVE;
				CLANG_WARN_UNREACHABLE_CODE = YES;
				CLANG_WARN__DUPLICATE_METHOD_MATCH = YES;
				CODE_SIGN_IDENTITY = "iPhone Developer";
				COPY_PHASE_STRIP = NO;
				DEBUG_INFORMATION_FORMAT = "dwarf-with-dsym";
				ENABLE_NS_ASSERTIONS = NO;
				ENABLE_STRICT_OBJC_MSGSEND = YES;
				GCC_C_LANGUAGE_STANDARD = gnu11;
				GCC_NO_COMMON_BLOCKS = YES;
				GCC_WARN_64_TO_32_BIT_CONVERSION = YES;
				GCC_WARN_ABOUT_RETURN_TYPE = YES_ERROR;
				GCC_WARN_UNDECLARED_SELECTOR = YES;
				GCC_WARN_UNINITIALIZED_AUTOS = YES_AGGRESSIVE;
				GCC_WARN_UNUSED_FUNCTION = YES;
				GCC_WARN_UNUSED_VARIABLE = YES;
				IPHONEOS_DEPLOYMENT_TARGET = 11.2;
				MTL_ENABLE_DEBUG_INFO = NO;
				SDKROOT = iphoneos;
				SWIFT_OPTIMIZATION_LEVEL = "-Owholemodule";
				VALIDATE_PRODUCT = YES;
			};
			name = Release;
		};
		A61F1EC120078217003BB85B /* Debug */ = {
			isa = XCBuildConfiguration;
			baseConfigurationReference = 671D06AD0301083F9848E205 /* Pods-SaveFoodFindRecipes.debug.xcconfig */;
			buildSettings = {
				ASSETCATALOG_COMPILER_APPICON_NAME = AppIcon;
				CODE_SIGN_ENTITLEMENTS = SaveFoodFindRecipes/SaveFoodFindRecipes.entitlements;
				CODE_SIGN_STYLE = Automatic;
				DEVELOPMENT_TEAM = U672SQT475;
				INFOPLIST_FILE = SaveFoodFindRecipes/Info.plist;
				LD_RUNPATH_SEARCH_PATHS = "$(inherited) @executable_path/Frameworks";
				PRODUCT_BUNDLE_IDENTIFIER = nl.mprog.SaveFoodFindRecipes;
				PRODUCT_NAME = "$(TARGET_NAME)";
				SWIFT_VERSION = 4.0;
				TARGETED_DEVICE_FAMILY = "1,2";
			};
			name = Debug;
		};
		A61F1EC220078217003BB85B /* Release */ = {
			isa = XCBuildConfiguration;
			baseConfigurationReference = 9C8970B96E74A6DD11A6C520 /* Pods-SaveFoodFindRecipes.release.xcconfig */;
			buildSettings = {
				ASSETCATALOG_COMPILER_APPICON_NAME = AppIcon;
				CODE_SIGN_ENTITLEMENTS = SaveFoodFindRecipes/SaveFoodFindRecipes.entitlements;
				CODE_SIGN_STYLE = Automatic;
				DEVELOPMENT_TEAM = U672SQT475;
				INFOPLIST_FILE = SaveFoodFindRecipes/Info.plist;
				LD_RUNPATH_SEARCH_PATHS = "$(inherited) @executable_path/Frameworks";
				PRODUCT_BUNDLE_IDENTIFIER = nl.mprog.SaveFoodFindRecipes;
				PRODUCT_NAME = "$(TARGET_NAME)";
				SWIFT_VERSION = 4.0;
				TARGETED_DEVICE_FAMILY = "1,2";
			};
			name = Release;
		};
/* End XCBuildConfiguration section */

/* Begin XCConfigurationList section */
		A61F1EA920078217003BB85B /* Build configuration list for PBXProject "SaveFoodFindRecipes" */ = {
			isa = XCConfigurationList;
			buildConfigurations = (
				A61F1EBE20078217003BB85B /* Debug */,
				A61F1EBF20078217003BB85B /* Release */,
			);
			defaultConfigurationIsVisible = 0;
			defaultConfigurationName = Release;
		};
		A61F1EC020078217003BB85B /* Build configuration list for PBXNativeTarget "SaveFoodFindRecipes" */ = {
			isa = XCConfigurationList;
			buildConfigurations = (
				A61F1EC120078217003BB85B /* Debug */,
				A61F1EC220078217003BB85B /* Release */,
			);
			defaultConfigurationIsVisible = 0;
			defaultConfigurationName = Release;
		};
/* End XCConfigurationList section */
	};
	rootObject = A61F1EA620078217003BB85B /* Project object */;
}
